{"1.1.0",
[{<<"cf">>,{pkg,<<"cf">>,<<"0.2.1">>},3},
 {<<"cowboy">>,
  {git,"git://github.com/extend/cowboy.git",
       {ref,"b8e4115eb13488c517d8d8ef33c47d0eaa7838c6"}},
  0},
 {<<"cowlib">>,
  {git,"https://github.com/ninenines/cowlib.git",
       {ref,"d544a494af4dbc810fc9c15eaf5cc050cced1501"}},
  1},
 {<<"erlware_commons">>,{pkg,<<"erlware_commons">>,<<"0.21.0">>},2},
 {<<"eunit_formatters">>,
  {git,"git://github.com/seancribbs/eunit_formatters",
       {ref,"6818dc14fe5d90d2561b1fa8ab8aea523a900128"}},
  1},
 {<<"gcm">>,
  {git,"https://github.com/pdincau/gcm-erlang.git",
       {ref,"8873a44f101078eda044046f278a983ab928dd5c"}},
  0},
 {<<"goldrush">>,
  {git,"git://github.com/DeadZen/goldrush.git",
       {ref,"212299233c7e7eb63a97be2777e1c05ebaa58dbe"}},
  1},
 {<<"jesse">>,
  {git,"git://github.com/klarna/jesse.git",
       {ref,"830738e8a03413851cc48a55a5e70f459391cc00"}},
  0},
 {<<"jiffy">>,
  {git,"git://github.com/davisp/jiffy.git",
       {ref,"4c0bfbc0fa0de12dcc4ff263888eeaa431ae6ed2"}},
  0},
 {<<"jsx">>,
  {git,"https://github.com/talentdeficit/jsx.git",
       {ref,"8f62b3adf112f282fefffb905ef16af6c1b189e2"}},
  1},
 {<<"lager">>,
  {git,"git://github.com/basho/lager.git",
       {ref,"8187757388c9adc915379caaab36a2f2ca26e944"}},
  0},
 {<<"meck">>,
  {git,"https://github.com/eproxus/meck.git",
       {ref,"dde759050eff19a1a80fd854d7375174b191665d"}},
  1},
 {<<"proper">>,
  {git,"https://github.com/manopapad/proper.git",
       {ref,"e90343ea01a7cb0d4a18c341c7f7d9e35483d713"}},
  1},
 {<<"protobuffs">>,
  {git,"git://github.com/basho/erlang_protobuffs.git",
       {ref,"0dde9d3b37b7bec3a4dfb0e87684dd7039e169ab"}},
  0},
 {<<"qdate">>,
  {git,"https://github.com/choptastic/qdate.git",
       {ref,"0d5cd470e643049b7276eb8f4b2ce6b767b4bb3a"}},
  1},
 {<<"qdate_localtime">>,{pkg,<<"qdate_localtime">>,<<"1.1.0">>},2},
 {<<"ranch">>,
  {git,"https://github.com/ninenines/ranch.git",
       {ref,"adf1822defc2b7cfdc7aca112adabfa1d614043c"}},
  1},
 {<<"rstar">>,
  {git,"git://github.com/armon/erl-rstar",
       {ref,"bbb7f40e68662c4cc5f70d9f6405235c29523d82"}},
  0},
 {<<"uuid">>,
  {git,"git://github.com/avtobiff/erlang-uuid.git",
       {ref,"585c2474afb4a597ae8c8bf6d21e5a9c73f18e0b"}},
  0}]}.
[
{pkg_hash,[
 {<<"cf">>, <<"69D0B1349FD4D7D4DC55B7F407D29D7A840BF9A1EF5AF529F1EBE0CE153FC2AB">>},
 {<<"erlware_commons">>, <<"A04433071AD7D112EDEFC75AC77719DD3E6753E697AC09428FC83D7564B80B15">>},
 {<<"qdate_localtime">>, <<"5F6C3ACF10ECC5A7E2EFA3DCD2C863102B962188DBD9E086EC01D29FE029DA29">>}]}
].
